
Microsoft Visual Studio Solution File, Format Version 12.00
# Visual Studio Version 16
VisualStudioVersion = 16.0.31025.194
MinimumVisualStudioVersion = 10.0.40219.1
Project("{FAE04EC0-301F-11D3-BF4B-00C04F79EFBC}") = "criadorcaes", "criadorcaes\criadorcaes.csproj", "{8BCD1FAF-E00C-469E-BCEF-0AC1D8DEE614}"
EndProject
Global
	GlobalSection(SolutionConfigurationPlatforms) = preSolution
		Debug|Any CPU = Debug|Any CPU
		Release|Any CPU = Release|Any CPU
	EndGlobalSection
	GlobalSection(ProjectConfigurationPlatforms) = postSolution
		{8BCD1FAF-E00C-469E-BCEF-0AC1D8DEE614}.Debug|Any CPU.ActiveCfg = Debug|Any CPU
		{8BCD1FAF-E00C-469E-BCEF-0AC1D8DEE614}.Debug|Any CPU.Build.0 = Debug|Any CPU
		{8BCD1FAF-E00C-469E-BCEF-0AC1D8DEE614}.Release|Any CPU.ActiveCfg = Release|Any CPU
		{8BCD1FAF-E00C-469E-BCEF-0AC1D8DEE614}.Release|Any CPU.Build.0 = Release|Any CPU
	EndGlobalSection
	GlobalSection(SolutionProperties) = preSolution
		HideSolutionNode = FALSE
	EndGlobalSection
	GlobalSection(ExtensibilityGlobals) = postSolution
		SolutionGuid = {4430A0A3-466D-436C-AF27-EE29823DDB67}
	EndGlobalSection
EndGlobal
